// !$*UTF8*$!
{
	archiveVersion = 1;
	classes = {
	};
	objectVersion = 46;
	objects = {

/* Begin PBXBuildFile section */
		BBB102621C51338E0099B245 /* AppDelegate.swift in Sources */ = {isa = PBXBuildFile; fileRef = BBB102611C51338E0099B245 /* AppDelegate.swift */; };
		BBB102641C51338E0099B245 /* ViewController.swift in Sources */ = {isa = PBXBuildFile; fileRef = BBB102631C51338E0099B245 /* ViewController.swift */; };
		BBB102671C51338E0099B245 /* Main.storyboard in Resources */ = {isa = PBXBuildFile; fileRef = BBB102651C51338E0099B245 /* Main.storyboard */; };
		BBB102691C51338E0099B245 /* Assets.xcassets in Resources */ = {isa = PBXBuildFile; fileRef = BBB102681C51338E0099B245 /* Assets.xcassets */; };
		BBB1026C1C51338E0099B245 /* LaunchScreen.storyboard in Resources */ = {isa = PBXBuildFile; fileRef = BBB1026A1C51338E0099B245 /* LaunchScreen.storyboard */; };
/* End PBXBuildFile section */

/* Begin PBXFileReference section */
		BBB1025E1C51338E0099B245 /* appPrueba.app */ = {isa = PBXFileReference; explicitFileType = wrapper.application; includeInIndex = 0; path = appPrueba.app; sourceTree = BUILT_PRODUCTS_DIR; };
		BBB102611C51338E0099B245 /* AppDelegate.swift */ = {isa = PBXFileReference; lastKnownFileType = sourcecode.swift; path = AppDelegate.swift; sourceTree = "<group>"; };
		BBB102631C51338E0099B245 /* ViewController.swift */ = {isa = PBXFileReference; lastKnownFileType = sourcecode.swift; path = ViewController.swift; sourceTree = "<group>"; };
		BBB102661C51338E0099B245 /* Base */ = {isa = PBXFileReference; lastKnownFileType = file.storyboard; name = Base; path = Base.lproj/Main.storyboard; sourceTree = "<group>"; };
		BBB102681C51338E0099B245 /* Assets.xcassets */ = {isa = PBXFileReference; lastKnownFileType = folder.assetcatalog; path = Assets.xcassets; sourceTree = "<group>"; };
		BBB1026B1C51338E0099B245 /* Base */ = {isa = PBXFileReference; lastKnownFileType = file.storyboard; name = Base; path = Base.lproj/LaunchScreen.storyboard; sourceTree = "<group>"; };
		BBB1026D1C51338E0099B245 /* Info.plist */ = {isa = PBXFileReference; lastKnownFileType = text.plist.xml; path = Info.plist; sourceTree = "<group>"; };
/* End PBXFileReference section */

/* Begin PBXFrameworksBuildPhase section */
		BBB1025B1C51338E0099B245 /* Frameworks */ = {
			isa = PBXFrameworksBuildPhase;
			buildActionMask = 2147483647;
			files = (
			);
			runOnlyForDeploymentPostprocessing = 0;
		};
/* End PBXFrameworksBuildPhase section */

/* Begin PBXGroup section */
		BBB102551C51338E0099B245 = {
			isa = PBXGroup;
			children = (
				BBB102601C51338E0099B245 /* appPrueba */,
				BBB1025F1C51338E0099B245 /* Products */,
			);
			sourceTree = "<group>";
		};
		BBB1025F1C51338E0099B245 /* Products */ = {
			isa = PBXGroup;
			children = (
				BBB1025E1C51338E0099B245 /* appPrueba.app */,
			);
			name = Products;
			sourceTree = "<group>";
		};
		BBB102601C51338E0099B245 /* appPrueba */ = {
			isa = PBXGroup;
			children = (
				BBB102611C51338E0099B245 /* AppDelegate.swift */,
				BBB102631C51338E0099B245 /* ViewController.swift */,
				BBB102651C51338E0099B245 /* Main.storyboard */,
				BBB102681C51338E0099B245 /* Assets.xcassets */,
				BBB1026A1C51338E0099B245 /* LaunchScreen.storyboard */,
				BBB1026D1C51338E0099B245 /* Info.plist */,
			);
			path = appPrueba;
			sourceTree = "<group>";
		};
/* End PBXGroup section */

/* Begin PBXNativeTarget section */
		BBB1025D1C51338E0099B245 /* appPrueba */ = {
			isa = PBXNativeTarget;
			buildConfigurationList = BBB102701C51338E0099B245 /* Build configuration list for PBXNativeTarget "appPrueba" */;
			buildPhases = (
				BBB1025A1C51338E0099B245 /* Sources */,
				BBB1025B1C51338E0099B245 /* Frameworks */,
				BBB1025C1C51338E0099B245 /* Resources */,
			);
			buildRules = (
			);
			dependencies = (
			);
			name = appPrueba;
			productName = appPrueba;
			productReference = BBB1025E1C51338E0099B245 /* appPrueba.app */;
			productType = "com.apple.product-type.application";
		};
/* End PBXNativeTarget section */

/* Begin PBXProject section */
		BBB102561C51338E0099B245 /* Project object */ = {
			isa = PBXProject;
			attributes = {
				LastSwiftUpdateCheck = 0720;
				LastUpgradeCheck = 0720;
				ORGANIZATIONNAME = viktor;
				TargetAttributes = {
					BBB1025D1C51338E0099B245 = {
						CreatedOnToolsVersion = 7.2;
						DevelopmentTeam = 454Y8VLD4V;
					};
				};
			};
			buildConfigurationList = BBB102591C51338E0099B245 /* Build configuration list for PBXProject "appPrueba" */;
			compatibilityVersion = "Xcode 3.2";
			developmentRegion = English;
			hasScannedForEncodings = 0;
			knownRegions = (
				en,
				Base,
			);
			mainGroup = BBB102551C51338E0099B245;
			productRefGroup = BBB1025F1C51338E0099B245 /* Products */;
			projectDirPath = "";
			projectRoot = "";
			targets = (
				BBB1025D1C51338E0099B245 /* appPrueba */,
			);
		};
/* End PBXProject section */

/* Begin PBXResourcesBuildPhase section */
		BBB1025C1C51338E0099B245 /* Resources */ = {
			isa = PBXResourcesBuildPhase;
			buildActionMask = 2147483647;
			files = (
				BBB1026C1C51338E0099B245 /* LaunchScreen.storyboard in Resources */,
				BBB102691C51338E0099B245 /* Assets.xcassets in Resources */,
				BBB102671C51338E0099B245 /* Main.storyboard in Resources */,
			);
			runOnlyForDeploymentPostprocessing = 0;
		};
/* End PBXResourcesBuildPhase section */

/* Begin PBXSourcesBuildPhase section */
		BBB1025A1C51338E0099B245 /* Sources */ = {
			isa = PBXSourcesBuildPhase;
			buildActionMask = 2147483647;
			files = (
				BBB102641C51338E0099B245 /* ViewController.swift in Sources */,
				BBB102621C51338E0099B245 /* AppDelegate.swift in Sources */,
			);
			runOnlyForDeploymentPostprocessing = 0;
		};
/* End PBXSourcesBuildPhase section */

/* Begin PBXVariantGroup section */
		BBB102651C51338E0099B245 /* Main.storyboard */ = {
			isa = PBXVariantGroup;
			children = (
				BBB102661C51338E0099B245 /* Base */,
			);
			name = Main.storyboard;
			sourceTree = "<group>";
		};
		BBB1026A1C51338E0099B245 /* LaunchScreen.storyboard */ = {
			isa = PBXVariantGroup;
			children = (
				BBB1026B1C51338E0099B245 /* Base */,
			);
			name = LaunchScreen.storyboard;
			sourceTree = "<group>";
		};
/* End PBXVariantGroup section */

/* Begin XCBuildConfiguration section */
		BBB1026E1C51338E0099B245 /* Debug */ = {
			isa = XCBuildConfiguration;
			buildSettings = {
				ALWAYS_SEARCH_USER_PATHS = NO;
				CLANG_CXX_LANGUAGE_STANDARD = "gnu++0x";
				CLANG_CXX_LIBRARY = "libc++";
				CLANG_ENABLE_MODULES = YES;
				CLANG_ENABLE_OBJC_ARC = YES;
				CLANG_WARN_BOOL_CONVERSION = YES;
				CLANG_WARN_CONSTANT_CONVERSION = YES;
				CLANG_WARN_DIRECT_OBJC_ISA_USAGE = YES_ERROR;
				CLANG_WARN_EMPTY_BODY = YES;
				CLANG_WARN_ENUM_CONVERSION = YES;
				CLANG_WARN_INT_CONVERSION = YES;
				CLANG_WARN_OBJC_ROOT_CLASS = YES_ERROR;
				CLANG_WARN_UNREACHABLE_CODE = YES;
				CLANG_WARN__DUPLICATE_METHOD_MATCH = YES;
				"CODE_SIGN_IDENTITY[sdk=iphoneos*]" = "iPhone Developer";
				COPY_PHASE_STRIP = NO;
				DEBUG_INFORMATION_FORMAT = dwarf;
				ENABLE_STRICT_OBJC_MSGSEND = YES;
				ENABLE_TESTABILITY = YES;
				GCC_C_LANGUAGE_STANDARD = gnu99;
				GCC_DYNAMIC_NO_PIC = NO;
				GCC_NO_COMMON_BLOCKS = YES;
				GCC_OPTIMIZATION_LEVEL = 0;
				GCC_PREPROCESSOR_DEFINITIONS = (
					"DEBUG=1",
					"$(inherited)",
				);
				GCC_WARN_64_TO_32_BIT_CONVERSION = YES;
				GCC_WARN_ABOUT_RETURN_TYPE = YES_ERROR;
				GCC_WARN_UNDECLARED_SELECTOR = YES;
				GCC_WARN_UNINITIALIZED_AUTOS = YES_AGGRESSIVE;
				GCC_WARN_UNUSED_FUNCTION = YES;
				GCC_WARN_UNUSED_VARIABLE = YES;
				IPHONEOS_DEPLOYMENT_TARGET = 9.2;
				MTL_ENABLE_DEBUG_INFO = YES;
				ONLY_ACTIVE_ARCH = YES;
				SDKROOT = iphoneos;
				SWIFT_OPTIMIZATION_LEVEL = "-Onone";
				TARGETED_DEVICE_FAMILY = "1,2";
			};
			name = Debug;
		};
		BBB1026F1C51338E0099B245 /* Release */ = {
			isa = XCBuildConfiguration;
			buildSettings = {
				ALWAYS_SEARCH_USER_PATHS = NO;
				CLANG_CXX_LANGUAGE_STANDARD = "gnu++0x";
				CLANG_CXX_LIBRARY = "libc++";
				CLANG_ENABLE_MODULES = YES;
				CLANG_ENABLE_OBJC_ARC = YES;
				CLANG_WARN_BOOL_CONVERSION = YES;
				CLANG_WARN_CONSTANT_CONVERSION = YES;
				CLANG_WARN_DIRECT_OBJC_ISA_USAGE = YES_ERROR;
				CLANG_WARN_EMPTY_BODY = YES;
				CLANG_WARN_ENUM_CONVERSION = YES;
				CLANG_WARN_INT_CONVERSION = YES;
				CLANG_WARN_OBJC_ROOT_CLASS = YES_ERROR;
				CLANG_WARN_UNREACHABLE_CODE = YES;
				CLANG_WARN__DUPLICATE_METHOD_MATCH = YES;
				"CODE_SIGN_IDENTITY[sdk=iphoneos*]" = "iPhone Developer";
				COPY_PHASE_STRIP = NO;
				DEBUG_INFORMATION_FORMAT = "dwarf-with-dsym";
				ENABLE_NS_ASSERTIONS = NO;
				ENABLE_STRICT_OBJC_MSGSEND = YES;
				GCC_C_LANGUAGE_STANDARD = gnu99;
				GCC_NO_COMMON_BLOCKS = YES;
				GCC_WARN_64_TO_32_BIT_CONVERSION = YES;
				GCC_WARN_ABOUT_RETURN_TYPE = YES_ERROR;
				GCC_WARN_UNDECLARED_SELECTOR = YES;
				GCC_WARN_UNINITIALIZED_AUTOS = YES_AGGRESSIVE;
				GCC_WARN_UNUSED_FUNCTION = YES;
				GCC_WARN_UNUSED_VARIABLE = YES;
				IPHONEOS_DEPLOYMENT_TARGET = 9.2;
				MTL_ENABLE_DEBUG_INFO = NO;
				SDKROOT = iphoneos;
				TARGETED_DEVICE_FAMILY = "1,2";
				VALIDATE_PRODUCT = YES;
			};
			name = Release;
		};
		BBB102711C51338E0099B245 /* Debug */ = {
			isa = XCBuildConfiguration;
			buildSettings = {
				ASSETCATALOG_COMPILER_APPICON_NAME = AppIcon;
				CODE_SIGN_IDENTITY = "iPhone Developer";
				"CODE_SIGN_IDENTITY[sdk=iphoneos*]" = "iPhone Developer";
				INFOPLIST_FILE = appPrueba/Info.plist;
				IPHONEOS_DEPLOYMENT_TARGET = 8.2;
				LD_RUNPATH_SEARCH_PATHS = "$(inherited) @executable_path/Frameworks";
				PRODUCT_BUNDLE_IDENTIFIER = com.viktor.appPrueba;
				PRODUCT_NAME = "$(TARGET_NAME)";
				PROVISIONING_PROFILE = "";
				TARGETED_DEVICE_FAMILY = 1;
			};
			name = Debug;
		};
		BBB102721C51338E0099B245 /* Release */ = {
			isa = XCBuildConfiguration;
			buildSettings = {
				ASSETCATALOG_COMPILER_APPICON_NAME = AppIcon;
				CODE_SIGN_IDENTITY = "iPhone Developer";
				"CODE_SIGN_IDENTITY[sdk=iphoneos*]" = "iPhone Developer";
				INFOPLIST_FILE = appPrueba/Info.plist;
				IPHONEOS_DEPLOYMENT_TARGET = 8.2;
				LD_RUNPATH_SEARCH_PATHS = "$(inherited) @executable_path/Frameworks";
				PRODUCT_BUNDLE_IDENTIFIER = com.viktor.appPrueba;
				PRODUCT_NAME = "$(TARGET_NAME)";
				PROVISIONING_PROFILE = "";
				TARGETED_DEVICE_FAMILY = 1;
			};
			name = Release;
		};
/* End XCBuildConfiguration section */

/* Begin XCConfigurationList section */
		BBB102591C51338E0099B245 /* Build configuration list for PBXProject "appPrueba" */ = {
			isa = XCConfigurationList;
			buildConfigurations = (
				BBB1026E1C51338E0099B245 /* Debug */,
				BBB1026F1C51338E0099B245 /* Release */,
			);
			defaultConfigurationIsVisible = 0;
			defaultConfigurationName = Release;
		};
		BBB102701C51338E0099B245 /* Build configuration list for PBXNativeTarget "appPrueba" */ = {
			isa = XCConfigurationList;
			buildConfigurations = (
				BBB102711C51338E0099B245 /* Debug */,
				BBB102721C51338E0099B245 /* Release */,
			);
			defaultConfigurationIsVisible = 0;
		};
/* End XCConfigurationList section */
	};
	rootObject = BBB102561C51338E0099B245 /* Project object */;
}
